# THIS IS AN AUTOGENERATED FILE. DO NOT EDIT THIS FILE DIRECTLY.
# yarn lockfile v1


"@next/env@14.2.15":
  version "14.2.15"
  resolved "https://registry.yarnpkg.com/@next/env/-/env-14.2.15.tgz#06d984e37e670d93ddd6790af1844aeb935f332f"
  integrity sha512-S1qaj25Wru2dUpcIZMjxeMVSwkt8BK4dmWHHiBuRstcIyOsMapqT4A4jSB6onvqeygkSSmOkyny9VVx8JIGamQ==

"@next/swc-darwin-arm64@14.2.15":
  version "14.2.15"
  resolved "https://registry.yarnpkg.com/@next/swc-darwin-arm64/-/swc-darwin-arm64-14.2.15.tgz#6386d585f39a1c490c60b72b1f76612ba4434347"
  integrity sha512-Rvh7KU9hOUBnZ9TJ28n2Oa7dD9cvDBKua9IKx7cfQQ0GoYUwg9ig31O2oMwH3wm+pE3IkAQ67ZobPfEgurPZIA==

"@next/swc-darwin-x64@14.2.15":
  version "14.2.15"
  resolved "https://registry.yarnpkg.com/@next/swc-darwin-x64/-/swc-darwin-x64-14.2.15.tgz#b7baeedc6a28f7545ad2bc55adbab25f7b45cb89"
  integrity sha512-5TGyjFcf8ampZP3e+FyCax5zFVHi+Oe7sZyaKOngsqyaNEpOgkKB3sqmymkZfowy3ufGA/tUgDPPxpQx931lHg==

"@next/swc-linux-arm64-gnu@14.2.15":
  version "14.2.15"
  resolved "https://registry.yarnpkg.com/@next/swc-linux-arm64-gnu/-/swc-linux-arm64-gnu-14.2.15.tgz#fa13c59d3222f70fb4cb3544ac750db2c6e34d02"
  integrity sha512-3Bwv4oc08ONiQ3FiOLKT72Q+ndEMyLNsc/D3qnLMbtUYTQAmkx9E/JRu0DBpHxNddBmNT5hxz1mYBphJ3mfrrw==

"@next/swc-linux-arm64-musl@14.2.15":
  version "14.2.15"
  resolved "https://registry.yarnpkg.com/@next/swc-linux-arm64-musl/-/swc-linux-arm64-musl-14.2.15.tgz#30e45b71831d9a6d6d18d7ac7d611a8d646a17f9"
  integrity sha512-k5xf/tg1FBv/M4CMd8S+JL3uV9BnnRmoe7F+GWC3DxkTCD9aewFRH1s5rJ1zkzDa+Do4zyN8qD0N8c84Hu96FQ==

"@next/swc-linux-x64-gnu@14.2.15":
  version "14.2.15"
  resolved "https://registry.yarnpkg.com/@next/swc-linux-x64-gnu/-/swc-linux-x64-gnu-14.2.15.tgz#5065db17fc86f935ad117483f21f812dc1b39254"
  integrity sha512-kE6q38hbrRbKEkkVn62reLXhThLRh6/TvgSP56GkFNhU22TbIrQDEMrO7j0IcQHcew2wfykq8lZyHFabz0oBrA==

"@next/swc-linux-x64-musl@14.2.15":
  version "14.2.15"
  resolved "https://registry.yarnpkg.com/@next/swc-linux-x64-musl/-/swc-linux-x64-musl-14.2.15.tgz#3c4a4568d8be7373a820f7576cf33388b5dab47e"
  integrity sha512-PZ5YE9ouy/IdO7QVJeIcyLn/Rc4ml9M2G4y3kCM9MNf1YKvFY4heg3pVa/jQbMro+tP6yc4G2o9LjAz1zxD7tQ==

"@next/swc-win32-arm64-msvc@14.2.15":
  version "14.2.15"
  resolved "https://registry.yarnpkg.com/@next/swc-win32-arm64-msvc/-/swc-win32-arm64-msvc-14.2.15.tgz#fb812cc4ca0042868e32a6a021da91943bb08b98"
  integrity sha512-2raR16703kBvYEQD9HNLyb0/394yfqzmIeyp2nDzcPV4yPjqNUG3ohX6jX00WryXz6s1FXpVhsCo3i+g4RUX+g==

"@next/swc-win32-ia32-msvc@14.2.15":
  version "14.2.15"
  resolved "https://registry.yarnpkg.com/@next/swc-win32-ia32-msvc/-/swc-win32-ia32-msvc-14.2.15.tgz#ec26e6169354f8ced240c1427be7fd485c5df898"
  integrity sha512-fyTE8cklgkyR1p03kJa5zXEaZ9El+kDNM5A+66+8evQS5e/6v0Gk28LqA0Jet8gKSOyP+OTm/tJHzMlGdQerdQ==

"@next/swc-win32-x64-msvc@14.2.15":
  version "14.2.15"
  resolved "https://registry.yarnpkg.com/@next/swc-win32-x64-msvc/-/swc-win32-x64-msvc-14.2.15.tgz#18d68697002b282006771f8d92d79ade9efd35c4"
  integrity sha512-SzqGbsLsP9OwKNUG9nekShTwhj6JSB9ZLMWQ8g1gG6hdE5gQLncbnbymrwy2yVmH9nikSLYRYxYMFu78Ggp7/g==

"@swc/counter@^0.1.3":
  version "0.1.3"
  resolved "https://registry.yarnpkg.com/@swc/counter/-/counter-0.1.3.tgz#cc7463bd02949611c6329596fccd2b0ec782b0e9"
  integrity sha512-e2BR4lsJkkRlKZ/qCHPw9ZaSxc0MVUd7gtbtaB7aMvHeJVYe8sOB8DBZkP2DtISHGSku9sCK6T6cnY0CtXrOCQ==

"@swc/helpers@0.5.5":
  version "0.5.5"
  resolved "https://registry.yarnpkg.com/@swc/helpers/-/helpers-0.5.5.tgz#12689df71bfc9b21c4f4ca00ae55f2f16c8b77c0"
  integrity sha512-KGYxvIOXcceOAbEk4bi/dVLEK9z8sZ0uBB3Il5b1rhfClSpcX0yfRO0KmTkqR2cnQDymwLB+25ZyMzICg/cm/A==
  dependencies:
    "@swc/counter" "^0.1.3"
    tslib "^2.4.0"

"@types/debug@^4.0.0":
  version "4.1.12"
  resolved "https://registry.yarnpkg.com/@types/debug/-/debug-4.1.12.tgz#a155f21690871953410df4b6b6f53187f0500917"
  integrity sha512-vIChWdVG3LG1SMxEvI/AK+FWJthlrqlTu7fbrlywTkkaONwk/UAGaULXRlf8vkzFBLVm0zkMdCquhL5aOjhXPQ==
  dependencies:
    "@types/ms" "*"

"@types/mdast@^3.0.0":
  version "3.0.15"
  resolved "https://registry.yarnpkg.com/@types/mdast/-/mdast-3.0.15.tgz#49c524a263f30ffa28b71ae282f813ed000ab9f5"
  integrity sha512-LnwD+mUEfxWMa1QpDraczIn6k0Ee3SMicuYSSzS6ZYl2gKS09EClnJYGd8Du6rfc5r/GZEk5o1mRb8TaTj03sQ==
  dependencies:
    "@types/unist" "^2"

"@types/mdast@^4.0.0":
  version "4.0.4"
  resolved "https://registry.yarnpkg.com/@types/mdast/-/mdast-4.0.4.tgz#7ccf72edd2f1aa7dd3437e180c64373585804dd6"
  integrity sha512-kGaNbPh1k7AFzgpud/gMdvIm5xuECykRR+JnWKQno9TAXVa6WIVCGTPvYGekIDL4uwCZQSYbUxNBSb1aUo79oA==
  dependencies:
    "@types/unist" "*"

"@types/ms@*":
  version "0.7.34"
  resolved "https://registry.yarnpkg.com/@types/ms/-/ms-0.7.34.tgz#10964ba0dee6ac4cd462e2795b6bebd407303433"
  integrity sha512-nG96G3Wp6acyAgJqGasjODb+acrI7KltPiRxzHPXnP3NgI28bpQDRv53olbqGXbfcgF5aiiHmO3xpwEpS5Ld9g==

"@types/unist@*", "@types/unist@^3.0.0":
  version "3.0.3"
  resolved "https://registry.yarnpkg.com/@types/unist/-/unist-3.0.3.tgz#acaab0f919ce69cce629c2d4ed2eb4adc1b6c20c"
  integrity sha512-ko/gIFJRv177XgZsZcBwnqJN5x/Gien8qNOn0D5bQU/zAzVf9Zt3BlcUiLqhV9y4ARk0GbT3tnUiPNgnTXzc/Q==

"@types/unist@^2":
  version "2.0.11"
  resolved "https://registry.yarnpkg.com/@types/unist/-/unist-2.0.11.tgz#11af57b127e32487774841f7a4e54eab166d03c4"
  integrity sha512-CmBKiL6NNo/OqgmMn95Fk9Whlp2mtvIv+KNpQKN2F4SjvrEesubTRWGYSg+BnWZOnlCaSTU1sMpsBOzgbYhnsA==

"@types/unist@^2.0.0":
  version "2.0.3"
  resolved "https://registry.yarnpkg.com/@types/unist/-/unist-2.0.3.tgz#9c088679876f374eb5983f150d4787aa6fb32d7e"
  integrity sha512-FvUupuM3rlRsRtCN+fDudtmytGO6iHJuuRKS1Ss0pG5z8oX0diNEw94UEL7hgDbpN94rgaK5R7sWm6RrSkZuAQ==

argparse@^1.0.7:
  version "1.0.10"
  resolved "https://registry.yarnpkg.com/argparse/-/argparse-1.0.10.tgz#bcd6791ea5ae09725e17e5ad988134cd40b3d911"
  integrity sha512-o5Roy6tNG4SL/FOkCAN6RzjiakZS25RLYFrcMttJqbdd8BWrnA+fGz57iN5Pb06pvBGvl5gQ0B48dJlslXvoTg==
  dependencies:
    sprintf-js "~1.0.2"

bail@^2.0.0:
  version "2.0.2"
  resolved "https://registry.yarnpkg.com/bail/-/bail-2.0.2.tgz#d26f5cd8fe5d6f832a31517b9f7c356040ba6d5d"
  integrity sha512-0xO6mYd7JB2YesxDKplafRpsiOzPt9V02ddPCLbY1xYGPOX24NTyN50qnUxgCPcSoYMhKpAuBTjQoRZCAkUDRw==

busboy@1.6.0:
  version "1.6.0"
  resolved "https://registry.yarnpkg.com/busboy/-/busboy-1.6.0.tgz#966ea36a9502e43cdb9146962523b92f531f6893"
  integrity sha512-8SFQbg/0hQ9xy3UNTB0YEnsNBbWfhf7RtnzpL7TkBiTBRfrQ9Fxcnz7VJsleJpyp6rVLvXiuORqjlHi5q+PYuA==
  dependencies:
    streamsearch "^1.1.0"

caniuse-lite@^1.0.30001579:
  version "1.0.30001664"
  resolved "https://registry.yarnpkg.com/caniuse-lite/-/caniuse-lite-1.0.30001664.tgz#d588d75c9682d3301956b05a3749652a80677df4"
  integrity sha512-AmE7k4dXiNKQipgn7a2xg558IRqPN3jMQY/rOsbxDhrd0tyChwbITBfiwtnqz8bi2M5mIWbxAYBvk7W7QBUS2g==

ccount@^1.0.0:
  version "1.0.5"
  resolved "https://registry.yarnpkg.com/ccount/-/ccount-1.0.5.tgz#ac82a944905a65ce204eb03023157edf29425c17"
  integrity sha512-MOli1W+nfbPLlKEhInaxhRdp7KVLFxLN5ykwzHgLsLI3H3gs5jjFAK4Eoj3OzzcxCtumDaI8onoVDeQyWaNTkw==

character-entities-html4@^1.0.0:
  version "1.1.4"
  resolved "https://registry.yarnpkg.com/character-entities-html4/-/character-entities-html4-1.1.4.tgz#0e64b0a3753ddbf1fdc044c5fd01d0199a02e125"
  integrity sha512-HRcDxZuZqMx3/a+qrzxdBKBPUpxWEq9xw2OPZ3a/174ihfrQKVsFhqtthBInFy1zZ9GgZyFXOatNujm8M+El3g==

character-entities-legacy@^1.0.0:
  version "1.1.4"
  resolved "https://registry.yarnpkg.com/character-entities-legacy/-/character-entities-legacy-1.1.4.tgz#94bc1845dce70a5bb9d2ecc748725661293d8fc1"
  integrity sha512-3Xnr+7ZFS1uxeiUDvV02wQ+QDbc55o97tIV5zHScSPJpcLm/r0DFPcoY3tYRp+VZukxuMeKgXYmsXQHO05zQeA==

character-entities@^2.0.0:
  version "2.0.2"
  resolved "https://registry.yarnpkg.com/character-entities/-/character-entities-2.0.2.tgz#2d09c2e72cd9523076ccb21157dff66ad43fcc22"
  integrity sha512-shx7oQ0Awen/BRIdkjkvz54PnEEI/EjwXDSIZp86/KKdbafHh1Df/RYGBhn4hbe2+uKC9FnT5UCEdyPz3ai9hQ==

client-only@0.0.1:
  version "0.0.1"
  resolved "https://registry.yarnpkg.com/client-only/-/client-only-0.0.1.tgz#38bba5d403c41ab150bff64a95c85013cf73bca1"
  integrity sha512-IV3Ou0jSMzZrd3pZ48nLkT9DA7Ag1pnPzaiQhpW7c3RbcqqzvzzVu+L8gfqMp/8IM2MQtSiqaCxrrcfu8I8rMA==

comma-separated-tokens@^1.0.0:
  version "1.0.8"
  resolved "https://registry.yarnpkg.com/comma-separated-tokens/-/comma-separated-tokens-1.0.8.tgz#632b80b6117867a158f1080ad498b2fbe7e3f5ea"
  integrity sha512-GHuDRO12Sypu2cV70d1dkA2EUmXHgntrzbpvOB+Qy+49ypNfGgFQIC2fhhXbnyrJRynDCAARsT7Ou0M6hirpfw==

date-fns@^2.14.0:
  version "2.14.0"
  resolved "https://registry.yarnpkg.com/date-fns/-/date-fns-2.14.0.tgz#359a87a265bb34ef2e38f93ecf63ac453f9bc7ba"
  integrity sha512-1zD+68jhFgDIM0rF05rcwYO8cExdNqxjq4xP1QKM60Q45mnO6zaMWB4tOzrIr4M4GSLntsKeE4c9Bdl2jhL/yw==

debug@^4.0.0:
  version "4.3.7"
  resolved "https://registry.yarnpkg.com/debug/-/debug-4.3.7.tgz#87945b4151a011d76d95a198d7111c865c360a52"
  integrity sha512-Er2nc/H7RrMXZBFCEim6TCmMk02Z8vLC2Rbi1KEBggpo0fS6l0S1nnapwmIi3yW/+GOJap1Krg4w0Hg80oCqgQ==
  dependencies:
    ms "^2.1.3"

decode-named-character-reference@^1.0.0:
  version "1.0.2"
  resolved "https://registry.yarnpkg.com/decode-named-character-reference/-/decode-named-character-reference-1.0.2.tgz#daabac9690874c394c81e4162a0304b35d824f0e"
  integrity sha512-O8x12RzrUF8xyVcY0KJowWsmaJxQbmy0/EtnNtHRpsOcT7dFk5W598coHqBVpmWo1oQQfsCqfCmkZN5DJrZVdg==
  dependencies:
    character-entities "^2.0.0"

dequal@^2.0.0:
  version "2.0.3"
  resolved "https://registry.yarnpkg.com/dequal/-/dequal-2.0.3.tgz#2644214f1997d39ed0ee0ece72335490a7ac67be"
  integrity sha512-0je+qPKHEMohvfRTCEo3CrPG6cAzAYgmzKyxRiYSSDkS6eGJdyVJm7WaYA5ECaAD9wLB2T4EEeymA5aFVcYXCA==

devlop@^1.0.0:
  version "1.1.0"
  resolved "https://registry.yarnpkg.com/devlop/-/devlop-1.1.0.tgz#4db7c2ca4dc6e0e834c30be70c94bbc976dc7018"
  integrity sha512-RWmIqhcFf1lRYBvNmr7qTNuyCt/7/ns2jbpp1+PalgE/rDQcBT0fioSMUpJ93irlUhC5hrg4cYqe6U+0ImW0rA==
  dependencies:
    dequal "^2.0.0"

esprima@^4.0.0:
  version "4.0.1"
  resolved "https://registry.yarnpkg.com/esprima/-/esprima-4.0.1.tgz#13b04cdb3e6c5d19df91ab6987a8695619b0aa71"
  integrity sha512-eGuFFw7Upda+g4p+QHvnW0RyTX/SVeJBDM/gCtMARO0cLuT2HcEKnTPvhjV6aGeqrCB/sbNop0Kszm0jsaWU4A==

extend-shallow@^2.0.1:
  version "2.0.1"
  resolved "https://registry.yarnpkg.com/extend-shallow/-/extend-shallow-2.0.1.tgz#51af7d614ad9a9f610ea1bafbb989d6b1c56890f"
  integrity sha1-Ua99YUrZqfYQ6huvu5idaxxWiQ8=
  dependencies:
    is-extendable "^0.1.0"

extend@^3.0.0:
  version "3.0.2"
  resolved "https://registry.yarnpkg.com/extend/-/extend-3.0.2.tgz#f8b1136b4071fbd8eb140aff858b1019ec2915fa"
  integrity sha512-fjquC59cD7CyW6urNXK0FBufkZcoiGG80wTuPujX590cB5Ttln20E2UB4S/WARVqhXffZl2LNgS+gQdPIIim/g==

graceful-fs@^4.2.11:
  version "4.2.11"
  resolved "https://registry.yarnpkg.com/graceful-fs/-/graceful-fs-4.2.11.tgz#4183e4e8bf08bb6e05bbb2f7d2e0c8f712ca40e3"
  integrity sha512-RbJ5/jmFcNNCcDV5o9eTnBLJ/HszWV0P73bc+Ff4nS/rJj+YaS6IGyiOL0VoBYX+l1Wrl3k63h/KrH+nhJ0XvQ==

gray-matter@^4.0.2:
  version "4.0.2"
  resolved "https://registry.yarnpkg.com/gray-matter/-/gray-matter-4.0.2.tgz#9aa379e3acaf421193fce7d2a28cebd4518ac454"
  integrity sha512-7hB/+LxrOjq/dd8APlK0r24uL/67w7SkYnfwhNFwg/VDIGWGmduTDYf3WNstLW2fbbmRwrDGCVSJ2isuf2+4Hw==
  dependencies:
    js-yaml "^3.11.0"
    kind-of "^6.0.2"
    section-matter "^1.0.0"
    strip-bom-string "^1.0.0"

hast-util-is-element@^1.0.0:
  version "1.0.4"
  resolved "https://registry.yarnpkg.com/hast-util-is-element/-/hast-util-is-element-1.0.4.tgz#059090a05cc02e275df1ad02caf8cb422fcd2e02"
  integrity sha512-NFR6ljJRvDcyPP5SbV7MyPBgF47X3BsskLnmw1U34yL+X6YC0MoBx9EyMg8Jtx4FzGH95jw8+c1VPLHaRA0wDQ==

hast-util-sanitize@^3.0.0:
  version "3.0.2"
  resolved "https://registry.yarnpkg.com/hast-util-sanitize/-/hast-util-sanitize-3.0.2.tgz#b0b783220af528ba8fe6999f092d138908678520"
  integrity sha512-+2I0x2ZCAyiZOO/sb4yNLFmdwPBnyJ4PBkVTUMKMqBwYNA+lXSgOmoRXlJFazoyid9QPogRRKgKhVEodv181sA==
  dependencies:
    xtend "^4.0.0"

hast-util-to-html@^7.0.0:
  version "7.1.1"
  resolved "https://registry.yarnpkg.com/hast-util-to-html/-/hast-util-to-html-7.1.1.tgz#39818b8bbfcb8eaa87846a120b3875487b27d094"
  integrity sha512-Ujqj0hGuo3dIQKilkbauAv5teOqPvhaSLEgs1lgApFT0812e114KiffV8XfE4ttR8dRPqxNOIJOMu6SKOVOGlg==
  dependencies:
    ccount "^1.0.0"
    comma-separated-tokens "^1.0.0"
    hast-util-is-element "^1.0.0"
    hast-util-whitespace "^1.0.0"
    html-void-elements "^1.0.0"
    property-information "^5.0.0"
    space-separated-tokens "^1.0.0"
    stringify-entities "^3.0.1"
    unist-util-is "^4.0.0"
    xtend "^4.0.0"

hast-util-whitespace@^1.0.0:
  version "1.0.4"
  resolved "https://registry.yarnpkg.com/hast-util-whitespace/-/hast-util-whitespace-1.0.4.tgz#e4fe77c4a9ae1cb2e6c25e02df0043d0164f6e41"
  integrity sha512-I5GTdSfhYfAPNztx2xJRQpG8cuDSNt599/7YUn7Gx/WxNMsG+a835k97TDkFgk123cwjfwINaZknkKkphx/f2A==

html-void-elements@^1.0.0:
  version "1.0.5"
  resolved "https://registry.yarnpkg.com/html-void-elements/-/html-void-elements-1.0.5.tgz#ce9159494e86d95e45795b166c2021c2cfca4483"
  integrity sha512-uE/TxKuyNIcx44cIWnjr/rfIATDH7ZaOMmstu0CwhFG1Dunhlp4OC6/NMbhiwoq5BpW0ubi303qnEk/PZj614w==

is-alphabetical@^1.0.0:
  version "1.0.4"
  resolved "https://registry.yarnpkg.com/is-alphabetical/-/is-alphabetical-1.0.4.tgz#9e7d6b94916be22153745d184c298cbf986a686d"
  integrity sha512-DwzsA04LQ10FHTZuL0/grVDk4rFoVH1pjAToYwBrHSxcrBIGQuXrQMtD5U1b0U2XVgKZCTLLP8u2Qxqhy3l2Vg==

is-alphanumerical@^1.0.0:
  version "1.0.4"
  resolved "https://registry.yarnpkg.com/is-alphanumerical/-/is-alphanumerical-1.0.4.tgz#7eb9a2431f855f6b1ef1a78e326df515696c4dbf"
  integrity sha512-UzoZUr+XfVz3t3v4KyGEniVL9BDRoQtY7tOyrRybkVNjDFWyo1yhXNGrrBTQxp3ib9BLAWs7k2YKBQsFRkZG9A==
  dependencies:
    is-alphabetical "^1.0.0"
    is-decimal "^1.0.0"

is-decimal@^1.0.0, is-decimal@^1.0.2:
  version "1.0.4"
  resolved "https://registry.yarnpkg.com/is-decimal/-/is-decimal-1.0.4.tgz#65a3a5958a1c5b63a706e1b333d7cd9f630d3fa5"
  integrity sha512-RGdriMmQQvZ2aqaQq3awNA6dCGtKpiDFcOzrTWrDAT2MiWrKQVPmxLGHl7Y2nNu6led0kEyoX0enY0qXYsv9zw==

is-extendable@^0.1.0:
  version "0.1.1"
  resolved "https://registry.yarnpkg.com/is-extendable/-/is-extendable-0.1.1.tgz#62b110e289a471418e3ec36a617d472e301dfc89"
  integrity sha1-YrEQ4omkcUGOPsNqYX1HLjAd/Ik=

is-hexadecimal@^1.0.0:
  version "1.0.4"
  resolved "https://registry.yarnpkg.com/is-hexadecimal/-/is-hexadecimal-1.0.4.tgz#cc35c97588da4bd49a8eedd6bc4082d44dcb23a7"
  integrity sha512-gyPJuv83bHMpocVYoqof5VDiZveEoGoFL8m3BXNb2VW8Xs+rz9kqO8LOQ5DH6EsuvilT1ApazU0pyl+ytbPtlw==

is-plain-obj@^4.0.0:
  version "4.1.0"
  resolved "https://registry.yarnpkg.com/is-plain-obj/-/is-plain-obj-4.1.0.tgz#d65025edec3657ce032fd7db63c97883eaed71f0"
  integrity sha512-+Pgi+vMuUNkJyExiMBt5IlFoMyKnr5zhJ4Uspz58WOhBF5QoIZkFyNHIbBAtHwzVAgk5RtndVNsDRN61/mmDqg==

"js-tokens@^3.0.0 || ^4.0.0":
  version "4.0.0"
  resolved "https://registry.yarnpkg.com/js-tokens/-/js-tokens-4.0.0.tgz#19203fb59991df98e3a287050d4647cdeaf32499"
  integrity sha512-RdJUflcE3cUzKiMqQgsCu06FPu9UdIJO0beYbPhHN4k6apgJtifcoCtT9bcxOpYBtpD2kCM6Sbzg4CausW/PKQ==

js-yaml@^3.11.0:
  version "3.14.0"
  resolved "https://registry.yarnpkg.com/js-yaml/-/js-yaml-3.14.0.tgz#a7a34170f26a21bb162424d8adacb4113a69e482"
  integrity sha512-/4IbIeHcD9VMHFqDR/gQ7EdZdLimOvW2DdcxFjdyyZ9NsbS+ccrXqVWDtab/lRl5AlUqmpBx8EhPaWR+OtY17A==
  dependencies:
    argparse "^1.0.7"
    esprima "^4.0.0"

kind-of@^6.0.0, kind-of@^6.0.2:
  version "6.0.3"
  resolved "https://registry.yarnpkg.com/kind-of/-/kind-of-6.0.3.tgz#07c05034a6c349fa06e24fa35aa76db4580ce4dd"
  integrity sha512-dcS1ul+9tmeD95T+x28/ehLgd9mENa3LsvDTtzm3vyBEO7RPptvAD+t44WVXaUjTBRcrpFeFlC8WCruUR456hw==

longest-streak@^3.0.0:
  version "3.1.0"
  resolved "https://registry.yarnpkg.com/longest-streak/-/longest-streak-3.1.0.tgz#62fa67cd958742a1574af9f39866364102d90cd4"
  integrity sha512-9Ri+o0JYgehTaVBBDoMqIl8GXtbWg711O3srftcHhZ0dqnETqLaoIK0x17fUw9rFSlK/0NlsKe0Ahhyl5pXE2g==

loose-envify@^1.1.0, loose-envify@^1.4.0:
  version "1.4.0"
  resolved "https://registry.yarnpkg.com/loose-envify/-/loose-envify-1.4.0.tgz#71ee51fa7be4caec1a63839f7e682d8132d30caf"
  integrity sha512-lyuxPGr/Wfhrlem2CL/UcnUc1zcqKAImBDzukY7Y5F/yQiNdko6+fRLevlw1HgMySw7f611UIY408EtxRSoK3Q==
  dependencies:
    js-tokens "^3.0.0 || ^4.0.0"

mdast-util-definitions@^4.0.0:
  version "4.0.0"
  resolved "https://registry.yarnpkg.com/mdast-util-definitions/-/mdast-util-definitions-4.0.0.tgz#c5c1a84db799173b4dcf7643cda999e440c24db2"
  integrity sha512-k8AJ6aNnUkB7IE+5azR9h81O5EQ/cTDXtWdMq9Kk5KcEW/8ritU5CeLg/9HhOC++nALHBlaogJ5jz0Ybk3kPMQ==
  dependencies:
    unist-util-visit "^2.0.0"

mdast-util-from-markdown@^2.0.0:
  version "2.0.1"
  resolved "https://registry.yarnpkg.com/mdast-util-from-markdown/-/mdast-util-from-markdown-2.0.1.tgz#32a6e8f512b416e1f51eb817fc64bd867ebcd9cc"
  integrity sha512-aJEUyzZ6TzlsX2s5B4Of7lN7EQtAxvtradMMglCQDyaTFgse6CmtmdJ15ElnVRlCg1vpNyVtbem0PWzlNieZsA==
  dependencies:
    "@types/mdast" "^4.0.0"
    "@types/unist" "^3.0.0"
    decode-named-character-reference "^1.0.0"
    devlop "^1.0.0"
    mdast-util-to-string "^4.0.0"
    micromark "^4.0.0"
    micromark-util-decode-numeric-character-reference "^2.0.0"
    micromark-util-decode-string "^2.0.0"
    micromark-util-normalize-identifier "^2.0.0"
    micromark-util-symbol "^2.0.0"
    micromark-util-types "^2.0.0"
    unist-util-stringify-position "^4.0.0"

mdast-util-phrasing@^4.0.0:
  version "4.1.0"
  resolved "https://registry.yarnpkg.com/mdast-util-phrasing/-/mdast-util-phrasing-4.1.0.tgz#7cc0a8dec30eaf04b7b1a9661a92adb3382aa6e3"
  integrity sha512-TqICwyvJJpBwvGAMZjj4J2n0X8QWp21b9l0o7eXyVJ25YNWYbJDVIyD1bZXE6WtV6RmKJVYmQAKWa0zWOABz2w==
  dependencies:
    "@types/mdast" "^4.0.0"
    unist-util-is "^6.0.0"

mdast-util-to-hast@^10.0.0:
  version "10.2.0"
  resolved "https://registry.yarnpkg.com/mdast-util-to-hast/-/mdast-util-to-hast-10.2.0.tgz#61875526a017d8857b71abc9333942700b2d3604"
  integrity sha512-JoPBfJ3gBnHZ18icCwHR50orC9kNH81tiR1gs01D8Q5YpV6adHNO9nKNuFBCJQ941/32PT1a63UF/DitmS3amQ==
  dependencies:
    "@types/mdast" "^3.0.0"
    "@types/unist" "^2.0.0"
    mdast-util-definitions "^4.0.0"
    mdurl "^1.0.0"
    unist-builder "^2.0.0"
    unist-util-generated "^1.0.0"
    unist-util-position "^3.0.0"
    unist-util-visit "^2.0.0"

mdast-util-to-markdown@^2.0.0:
  version "2.1.0"
  resolved "https://registry.yarnpkg.com/mdast-util-to-markdown/-/mdast-util-to-markdown-2.1.0.tgz#9813f1d6e0cdaac7c244ec8c6dabfdb2102ea2b4"
  integrity sha512-SR2VnIEdVNCJbP6y7kVTJgPLifdr8WEU440fQec7qHoHOUz/oJ2jmNRqdDQ3rbiStOXb2mCDGTuwsK5OPUgYlQ==
  dependencies:
    "@types/mdast" "^4.0.0"
    "@types/unist" "^3.0.0"
    longest-streak "^3.0.0"
    mdast-util-phrasing "^4.0.0"
    mdast-util-to-string "^4.0.0"
    micromark-util-decode-string "^2.0.0"
    unist-util-visit "^5.0.0"
    zwitch "^2.0.0"

mdast-util-to-string@^4.0.0:
  version "4.0.0"
  resolved "https://registry.yarnpkg.com/mdast-util-to-string/-/mdast-util-to-string-4.0.0.tgz#7a5121475556a04e7eddeb67b264aae79d312814"
  integrity sha512-0H44vDimn51F0YwvxSJSm0eCDOJTRlmN0R1yBh4HLj9wiV1Dn0QoXGbvFAWj2hSItVTlCmBF1hqKlIyUBVFLPg==
  dependencies:
    "@types/mdast" "^4.0.0"

mdurl@^1.0.0:
  version "1.0.1"
  resolved "https://registry.yarnpkg.com/mdurl/-/mdurl-1.0.1.tgz#fe85b2ec75a59037f2adfec100fd6c601761152e"
  integrity sha1-/oWy7HWlkDfyrf7BAP1sYBdhFS4=

micromark-core-commonmark@^2.0.0:
  version "2.0.1"
  resolved "https://registry.yarnpkg.com/micromark-core-commonmark/-/micromark-core-commonmark-2.0.1.tgz#9a45510557d068605c6e9a80f282b2bb8581e43d"
  integrity sha512-CUQyKr1e///ZODyD1U3xit6zXwy1a8q2a1S1HKtIlmgvurrEpaw/Y9y6KSIbF8P59cn/NjzHyO+Q2fAyYLQrAA==
  dependencies:
    decode-named-character-reference "^1.0.0"
    devlop "^1.0.0"
    micromark-factory-destination "^2.0.0"
    micromark-factory-label "^2.0.0"
    micromark-factory-space "^2.0.0"
    micromark-factory-title "^2.0.0"
    micromark-factory-whitespace "^2.0.0"
    micromark-util-character "^2.0.0"
    micromark-util-chunked "^2.0.0"
    micromark-util-classify-character "^2.0.0"
    micromark-util-html-tag-name "^2.0.0"
    micromark-util-normalize-identifier "^2.0.0"
    micromark-util-resolve-all "^2.0.0"
    micromark-util-subtokenize "^2.0.0"
    micromark-util-symbol "^2.0.0"
    micromark-util-types "^2.0.0"

micromark-factory-destination@^2.0.0:
  version "2.0.0"
  resolved "https://registry.yarnpkg.com/micromark-factory-destination/-/micromark-factory-destination-2.0.0.tgz#857c94debd2c873cba34e0445ab26b74f6a6ec07"
  integrity sha512-j9DGrQLm/Uhl2tCzcbLhy5kXsgkHUrjJHg4fFAeoMRwJmJerT9aw4FEhIbZStWN8A3qMwOp1uzHr4UL8AInxtA==
  dependencies:
    micromark-util-character "^2.0.0"
    micromark-util-symbol "^2.0.0"
    micromark-util-types "^2.0.0"

micromark-factory-label@^2.0.0:
  version "2.0.0"
  resolved "https://registry.yarnpkg.com/micromark-factory-label/-/micromark-factory-label-2.0.0.tgz#17c5c2e66ce39ad6f4fc4cbf40d972f9096f726a"
  integrity sha512-RR3i96ohZGde//4WSe/dJsxOX6vxIg9TimLAS3i4EhBAFx8Sm5SmqVfR8E87DPSR31nEAjZfbt91OMZWcNgdZw==
  dependencies:
    devlop "^1.0.0"
    micromark-util-character "^2.0.0"
    micromark-util-symbol "^2.0.0"
    micromark-util-types "^2.0.0"

micromark-factory-space@^2.0.0:
  version "2.0.0"
  resolved "https://registry.yarnpkg.com/micromark-factory-space/-/micromark-factory-space-2.0.0.tgz#5e7afd5929c23b96566d0e1ae018ae4fcf81d030"
  integrity sha512-TKr+LIDX2pkBJXFLzpyPyljzYK3MtmllMUMODTQJIUfDGncESaqB90db9IAUcz4AZAJFdd8U9zOp9ty1458rxg==
  dependencies:
    micromark-util-character "^2.0.0"
    micromark-util-types "^2.0.0"

micromark-factory-title@^2.0.0:
  version "2.0.0"
  resolved "https://registry.yarnpkg.com/micromark-factory-title/-/micromark-factory-title-2.0.0.tgz#726140fc77892af524705d689e1cf06c8a83ea95"
  integrity sha512-jY8CSxmpWLOxS+t8W+FG3Xigc0RDQA9bKMY/EwILvsesiRniiVMejYTE4wumNc2f4UbAa4WsHqe3J1QS1sli+A==
  dependencies:
    micromark-factory-space "^2.0.0"
    micromark-util-character "^2.0.0"
    micromark-util-symbol "^2.0.0"
    micromark-util-types "^2.0.0"

micromark-factory-whitespace@^2.0.0:
  version "2.0.0"
  resolved "https://registry.yarnpkg.com/micromark-factory-whitespace/-/micromark-factory-whitespace-2.0.0.tgz#9e92eb0f5468083381f923d9653632b3cfb5f763"
  integrity sha512-28kbwaBjc5yAI1XadbdPYHX/eDnqaUFVikLwrO7FDnKG7lpgxnvk/XGRhX/PN0mOZ+dBSZ+LgunHS+6tYQAzhA==
  dependencies:
    micromark-factory-space "^2.0.0"
    micromark-util-character "^2.0.0"
    micromark-util-symbol "^2.0.0"
    micromark-util-types "^2.0.0"

micromark-util-character@^2.0.0:
  version "2.1.0"
  resolved "https://registry.yarnpkg.com/micromark-util-character/-/micromark-util-character-2.1.0.tgz#31320ace16b4644316f6bf057531689c71e2aee1"
  integrity sha512-KvOVV+X1yLBfs9dCBSopq/+G1PcgT3lAK07mC4BzXi5E7ahzMAF8oIupDDJ6mievI6F+lAATkbQQlQixJfT3aQ==
  dependencies:
    micromark-util-symbol "^2.0.0"
    micromark-util-types "^2.0.0"

micromark-util-chunked@^2.0.0:
  version "2.0.0"
  resolved "https://registry.yarnpkg.com/micromark-util-chunked/-/micromark-util-chunked-2.0.0.tgz#e51f4db85fb203a79dbfef23fd41b2f03dc2ef89"
  integrity sha512-anK8SWmNphkXdaKgz5hJvGa7l00qmcaUQoMYsBwDlSKFKjc6gjGXPDw3FNL3Nbwq5L8gE+RCbGqTw49FK5Qyvg==
  dependencies:
    micromark-util-symbol "^2.0.0"

micromark-util-classify-character@^2.0.0:
  version "2.0.0"
  resolved "https://registry.yarnpkg.com/micromark-util-classify-character/-/micromark-util-classify-character-2.0.0.tgz#8c7537c20d0750b12df31f86e976d1d951165f34"
  integrity sha512-S0ze2R9GH+fu41FA7pbSqNWObo/kzwf8rN/+IGlW/4tC6oACOs8B++bh+i9bVyNnwCcuksbFwsBme5OCKXCwIw==
  dependencies:
    micromark-util-character "^2.0.0"
    micromark-util-symbol "^2.0.0"
    micromark-util-types "^2.0.0"

micromark-util-combine-extensions@^2.0.0:
  version "2.0.0"
  resolved "https://registry.yarnpkg.com/micromark-util-combine-extensions/-/micromark-util-combine-extensions-2.0.0.tgz#75d6ab65c58b7403616db8d6b31315013bfb7ee5"
  integrity sha512-vZZio48k7ON0fVS3CUgFatWHoKbbLTK/rT7pzpJ4Bjp5JjkZeasRfrS9wsBdDJK2cJLHMckXZdzPSSr1B8a4oQ==
  dependencies:
    micromark-util-chunked "^2.0.0"
    micromark-util-types "^2.0.0"

micromark-util-decode-numeric-character-reference@^2.0.0:
  version "2.0.1"
  resolved "https://registry.yarnpkg.com/micromark-util-decode-numeric-character-reference/-/micromark-util-decode-numeric-character-reference-2.0.1.tgz#2698bbb38f2a9ba6310e359f99fcb2b35a0d2bd5"
  integrity sha512-bmkNc7z8Wn6kgjZmVHOX3SowGmVdhYS7yBpMnuMnPzDq/6xwVA604DuOXMZTO1lvq01g+Adfa0pE2UKGlxL1XQ==
  dependencies:
    micromark-util-symbol "^2.0.0"

micromark-util-decode-string@^2.0.0:
  version "2.0.0"
  resolved "https://registry.yarnpkg.com/micromark-util-decode-string/-/micromark-util-decode-string-2.0.0.tgz#7dfa3a63c45aecaa17824e656bcdb01f9737154a"
  integrity sha512-r4Sc6leeUTn3P6gk20aFMj2ntPwn6qpDZqWvYmAG6NgvFTIlj4WtrAudLi65qYoaGdXYViXYw2pkmn7QnIFasA==
  dependencies:
    decode-named-character-reference "^1.0.0"
    micromark-util-character "^2.0.0"
    micromark-util-decode-numeric-character-reference "^2.0.0"
    micromark-util-symbol "^2.0.0"

micromark-util-encode@^2.0.0:
  version "2.0.0"
  resolved "https://registry.yarnpkg.com/micromark-util-encode/-/micromark-util-encode-2.0.0.tgz#0921ac7953dc3f1fd281e3d1932decfdb9382ab1"
  integrity sha512-pS+ROfCXAGLWCOc8egcBvT0kf27GoWMqtdarNfDcjb6YLuV5cM3ioG45Ys2qOVqeqSbjaKg72vU+Wby3eddPsA==

micromark-util-html-tag-name@^2.0.0:
  version "2.0.0"
  resolved "https://registry.yarnpkg.com/micromark-util-html-tag-name/-/micromark-util-html-tag-name-2.0.0.tgz#ae34b01cbe063363847670284c6255bb12138ec4"
  integrity sha512-xNn4Pqkj2puRhKdKTm8t1YHC/BAjx6CEwRFXntTaRf/x16aqka6ouVoutm+QdkISTlT7e2zU7U4ZdlDLJd2Mcw==

micromark-util-normalize-identifier@^2.0.0:
  version "2.0.0"
  resolved "https://registry.yarnpkg.com/micromark-util-normalize-identifier/-/micromark-util-normalize-identifier-2.0.0.tgz#91f9a4e65fe66cc80c53b35b0254ad67aa431d8b"
  integrity sha512-2xhYT0sfo85FMrUPtHcPo2rrp1lwbDEEzpx7jiH2xXJLqBuy4H0GgXk5ToU8IEwoROtXuL8ND0ttVa4rNqYK3w==
  dependencies:
    micromark-util-symbol "^2.0.0"

micromark-util-resolve-all@^2.0.0:
  version "2.0.0"
  resolved "https://registry.yarnpkg.com/micromark-util-resolve-all/-/micromark-util-resolve-all-2.0.0.tgz#189656e7e1a53d0c86a38a652b284a252389f364"
  integrity sha512-6KU6qO7DZ7GJkaCgwBNtplXCvGkJToU86ybBAUdavvgsCiG8lSSvYxr9MhwmQ+udpzywHsl4RpGJsYWG1pDOcA==
  dependencies:
    micromark-util-types "^2.0.0"

micromark-util-sanitize-uri@^2.0.0:
  version "2.0.0"
  resolved "https://registry.yarnpkg.com/micromark-util-sanitize-uri/-/micromark-util-sanitize-uri-2.0.0.tgz#ec8fbf0258e9e6d8f13d9e4770f9be64342673de"
  integrity sha512-WhYv5UEcZrbAtlsnPuChHUAsu/iBPOVaEVsntLBIdpibO0ddy8OzavZz3iL2xVvBZOpolujSliP65Kq0/7KIYw==
  dependencies:
    micromark-util-character "^2.0.0"
    micromark-util-encode "^2.0.0"
    micromark-util-symbol "^2.0.0"

micromark-util-subtokenize@^2.0.0:
  version "2.0.1"
  resolved "https://registry.yarnpkg.com/micromark-util-subtokenize/-/micromark-util-subtokenize-2.0.1.tgz#76129c49ac65da6e479c09d0ec4b5f29ec6eace5"
  integrity sha512-jZNtiFl/1aY73yS3UGQkutD0UbhTt68qnRpw2Pifmz5wV9h8gOVsN70v+Lq/f1rKaU/W8pxRe8y8Q9FX1AOe1Q==
  dependencies:
    devlop "^1.0.0"
    micromark-util-chunked "^2.0.0"
    micromark-util-symbol "^2.0.0"
    micromark-util-types "^2.0.0"

micromark-util-symbol@^2.0.0:
  version "2.0.0"
  resolved "https://registry.yarnpkg.com/micromark-util-symbol/-/micromark-util-symbol-2.0.0.tgz#12225c8f95edf8b17254e47080ce0862d5db8044"
  integrity sha512-8JZt9ElZ5kyTnO94muPxIGS8oyElRJaiJO8EzV6ZSyGQ1Is8xwl4Q45qU5UOg+bGH4AikWziz0iN4sFLWs8PGw==

micromark-util-types@^2.0.0:
  version "2.0.0"
  resolved "https://registry.yarnpkg.com/micromark-util-types/-/micromark-util-types-2.0.0.tgz#63b4b7ffeb35d3ecf50d1ca20e68fc7caa36d95e"
  integrity sha512-oNh6S2WMHWRZrmutsRmDDfkzKtxF+bc2VxLC9dvtrDIRFln627VsFP6fLMgTryGDljgLPjkrzQSDcPrjPyDJ5w==

micromark@^4.0.0:
  version "4.0.0"
  resolved "https://registry.yarnpkg.com/micromark/-/micromark-4.0.0.tgz#84746a249ebd904d9658cfabc1e8e5f32cbc6249"
  integrity sha512-o/sd0nMof8kYff+TqcDx3VSrgBTcZpSvYcAHIfHhv5VAuNmisCxjhx6YmxS8PFEpb9z5WKWKPdzf0jM23ro3RQ==
  dependencies:
    "@types/debug" "^4.0.0"
    debug "^4.0.0"
    decode-named-character-reference "^1.0.0"
    devlop "^1.0.0"
    micromark-core-commonmark "^2.0.0"
    micromark-factory-space "^2.0.0"
    micromark-util-character "^2.0.0"
    micromark-util-chunked "^2.0.0"
    micromark-util-combine-extensions "^2.0.0"
    micromark-util-decode-numeric-character-reference "^2.0.0"
    micromark-util-encode "^2.0.0"
    micromark-util-normalize-identifier "^2.0.0"
    micromark-util-resolve-all "^2.0.0"
    micromark-util-sanitize-uri "^2.0.0"
    micromark-util-subtokenize "^2.0.0"
    micromark-util-symbol "^2.0.0"
    micromark-util-types "^2.0.0"

ms@^2.1.3:
  version "2.1.3"
  resolved "https://registry.yarnpkg.com/ms/-/ms-2.1.3.tgz#574c8138ce1d2b5861f0b44579dbadd60c6615b2"
  integrity sha512-6FlzubTLZG3J2a/NVCAleEhjzq5oxgHyaCU9yYXvcLsvoVaHJq/s5xXI6/XXP6tz7R9xAOtHnSO/tXtF3WRTlA==

nanoid@^3.3.6:
  version "3.3.8"
  resolved "https://registry.yarnpkg.com/nanoid/-/nanoid-3.3.8.tgz#b1be3030bee36aaff18bacb375e5cce521684baf"
  integrity sha512-WNLf5Sd8oZxOm+TzppcYk8gVOgP+l58xNy58D0nbUnOxOWRWvlcCV4kUF7ltmI6PsrLl/BgKEyS4mqsGChFN0w==

next@14.2.15:
  version "14.2.15"
  resolved "https://registry.yarnpkg.com/next/-/next-14.2.15.tgz#348e5603e22649775d19c785c09a89c9acb5189a"
  integrity sha512-h9ctmOokpoDphRvMGnwOJAedT6zKhwqyZML9mDtspgf4Rh3Pn7UTYKqePNoDvhsWBAO5GoPNYshnAUGIazVGmw==
  dependencies:
    "@next/env" "14.2.15"
    "@swc/helpers" "0.5.5"
    busboy "1.6.0"
    caniuse-lite "^1.0.30001579"
    graceful-fs "^4.2.11"
    postcss "8.4.31"
    styled-jsx "5.1.1"
  optionalDependencies:
    "@next/swc-darwin-arm64" "14.2.15"
    "@next/swc-darwin-x64" "14.2.15"
    "@next/swc-linux-arm64-gnu" "14.2.15"
    "@next/swc-linux-arm64-musl" "14.2.15"
    "@next/swc-linux-x64-gnu" "14.2.15"
    "@next/swc-linux-x64-musl" "14.2.15"
    "@next/swc-win32-arm64-msvc" "14.2.15"
    "@next/swc-win32-ia32-msvc" "14.2.15"
    "@next/swc-win32-x64-msvc" "14.2.15"

object-assign@^4.1.1:
  version "4.1.1"
  resolved "https://registry.yarnpkg.com/object-assign/-/object-assign-4.1.1.tgz#2109adc7965887cfc05cbbd442cac8bfbb360863"
  integrity sha1-IQmtx5ZYh8/AXLvUQsrIv7s2CGM=

picocolors@^1.0.0:
  version "1.0.1"
  resolved "https://registry.yarnpkg.com/picocolors/-/picocolors-1.0.1.tgz#a8ad579b571952f0e5d25892de5445bcfe25aaa1"
  integrity sha512-anP1Z8qwhkbmu7MFP5iTt+wQKXgwzf7zTyGlcdzabySa9vd0Xt392U0rVmz9poOaBj0uHJKyyo9/upk0HrEQew==

postcss@8.4.31:
  version "8.4.31"
  resolved "https://registry.yarnpkg.com/postcss/-/postcss-8.4.31.tgz#92b451050a9f914da6755af352bdc0192508656d"
  integrity sha512-PS08Iboia9mts/2ygV3eLpY5ghnUcfLV/EXTOW1E2qYxJKGGBUtNjN76FYHnMs36RmARn41bC0AZmn+rR0OVpQ==
  dependencies:
    nanoid "^3.3.6"
    picocolors "^1.0.0"
    source-map-js "^1.0.2"

prop-types@^15.6.2:
  version "15.7.2"
  resolved "https://registry.yarnpkg.com/prop-types/-/prop-types-15.7.2.tgz#52c41e75b8c87e72b9d9360e0206b99dcbffa6c5"
  integrity sha512-8QQikdH7//R2vurIJSutZ1smHYTcLpRWEOlHnzcWHmBYrOGUysKwSsrC89BCiFj3CbrfJ/nXFdJepOVrY1GCHQ==
  dependencies:
    loose-envify "^1.4.0"
    object-assign "^4.1.1"
    react-is "^16.8.1"

property-information@^5.0.0:
  version "5.5.0"
  resolved "https://registry.yarnpkg.com/property-information/-/property-information-5.5.0.tgz#4dc075d493061a82e2b7d096f406e076ed859943"
  integrity sha512-RgEbCx2HLa1chNgvChcx+rrCWD0ctBmGSE0M7lVm1yyv4UbvbrWoXp/BkVLZefzjrRBGW8/Js6uh/BnlHXFyjA==
  dependencies:
    xtend "^4.0.0"

react-dom@16.13.1:
  version "16.13.1"
  resolved "https://registry.yarnpkg.com/react-dom/-/react-dom-16.13.1.tgz#c1bd37331a0486c078ee54c4740720993b2e0e7f"
  integrity sha512-81PIMmVLnCNLO/fFOQxdQkvEq/+Hfpv24XNJfpyZhTRfO0QcmQIF/PgCa1zCOj2w1hrn12MFLyaJ/G0+Mxtfag==
  dependencies:
    loose-envify "^1.1.0"
    object-assign "^4.1.1"
    prop-types "^15.6.2"
    scheduler "^0.19.1"

react-is@^16.8.1:
  version "16.13.1"
  resolved "https://registry.yarnpkg.com/react-is/-/react-is-16.13.1.tgz#789729a4dc36de2999dc156dd6c1d9c18cea56a4"
  integrity sha512-24e6ynE2H+OKt4kqsOvNd8kBpV65zoxbA4BVsEOB3ARVWQki/DHzaUoC5KuON/BiccDaCCTZBuOcfZs70kR8bQ==

react@16.13.1:
  version "16.13.1"
  resolved "https://registry.yarnpkg.com/react/-/react-16.13.1.tgz#2e818822f1a9743122c063d6410d85c1e3afe48e"
  integrity sha512-YMZQQq32xHLX0bz5Mnibv1/LHb3Sqzngu7xstSM+vrkE5Kzr9xE0yMByK5kMoTK30YVJE61WfbxIFFvfeDKT1w==
  dependencies:
    loose-envify "^1.1.0"
    object-assign "^4.1.1"
    prop-types "^15.6.2"

remark-html@^13.0.2:
  version "13.0.2"
  resolved "https://registry.yarnpkg.com/remark-html/-/remark-html-13.0.2.tgz#de5f052749ff61fc904c9708c155c88a2e2655dc"
  integrity sha512-LhSRQ+3RKdBqB/RGesFWkNNfkGqprDUCwjq54SylfFeNyZby5kqOG8Dn/vYsRoM8htab6EWxFXCY6XIZvMoRiQ==
  dependencies:
    hast-util-sanitize "^3.0.0"
    hast-util-to-html "^7.0.0"
    mdast-util-to-hast "^10.0.0"

remark-parse@^11.0.0:
  version "11.0.0"
  resolved "https://registry.yarnpkg.com/remark-parse/-/remark-parse-11.0.0.tgz#aa60743fcb37ebf6b069204eb4da304e40db45a1"
  integrity sha512-FCxlKLNGknS5ba/1lmpYijMUzX2esxW5xQqjWxw2eHFfS2MSdaHVINFmhjo+qN1WhZhNimq0dZATN9pH0IDrpA==
  dependencies:
    "@types/mdast" "^4.0.0"
    mdast-util-from-markdown "^2.0.0"
    micromark-util-types "^2.0.0"
    unified "^11.0.0"

remark-stringify@^11.0.0:
  version "11.0.0"
  resolved "https://registry.yarnpkg.com/remark-stringify/-/remark-stringify-11.0.0.tgz#4c5b01dd711c269df1aaae11743eb7e2e7636fd3"
  integrity sha512-1OSmLd3awB/t8qdoEOMazZkNsfVTeY4fTsgzcQFdXNq8ToTN4ZGwrMnlda4K6smTFKD+GRV6O48i6Z4iKgPPpw==
  dependencies:
    "@types/mdast" "^4.0.0"
    mdast-util-to-markdown "^2.0.0"
    unified "^11.0.0"

remark@^15.0.1:
  version "15.0.1"
  resolved "https://registry.yarnpkg.com/remark/-/remark-15.0.1.tgz#ac7e7563260513b66426bc47f850e7aa5862c37c"
  integrity sha512-Eht5w30ruCXgFmxVUSlNWQ9iiimq07URKeFS3hNc8cUWy1llX4KDWfyEDZRycMc+znsN9Ux5/tJ/BFdgdOwA3A==
  dependencies:
    "@types/mdast" "^4.0.0"
    remark-parse "^11.0.0"
    remark-stringify "^11.0.0"
    unified "^11.0.0"

scheduler@^0.19.1:
  version "0.19.1"
  resolved "https://registry.yarnpkg.com/scheduler/-/scheduler-0.19.1.tgz#4f3e2ed2c1a7d65681f4c854fa8c5a1ccb40f196"
  integrity sha512-n/zwRWRYSUj0/3g/otKDRPMh6qv2SYMWNq85IEa8iZyAv8od9zDYpGSnpBEjNgcMNq6Scbu5KfIPxNF72R/2EA==
  dependencies:
    loose-envify "^1.1.0"
    object-assign "^4.1.1"

section-matter@^1.0.0:
  version "1.0.0"
  resolved "https://registry.yarnpkg.com/section-matter/-/section-matter-1.0.0.tgz#e9041953506780ec01d59f292a19c7b850b84167"
  integrity sha512-vfD3pmTzGpufjScBh50YHKzEu2lxBWhVEHsNGoEXmCmn2hKGfeNLYMzCJpe8cD7gqX7TJluOVpBkAequ6dgMmA==
  dependencies:
    extend-shallow "^2.0.1"
    kind-of "^6.0.0"

source-map-js@^1.0.2:
  version "1.2.1"
  resolved "https://registry.yarnpkg.com/source-map-js/-/source-map-js-1.2.1.tgz#1ce5650fddd87abc099eda37dcff024c2667ae46"
  integrity sha512-UXWMKhLOwVKb728IUtQPXxfYU+usdybtUrK/8uGE8CQMvrhOpwvzDBwj0QhSL7MQc7vIsISBG8VQ8+IDQxpfQA==

space-separated-tokens@^1.0.0:
  version "1.1.5"
  resolved "https://registry.yarnpkg.com/space-separated-tokens/-/space-separated-tokens-1.1.5.tgz#85f32c3d10d9682007e917414ddc5c26d1aa6899"
  integrity sha512-q/JSVd1Lptzhf5bkYm4ob4iWPjx0KiRe3sRFBNrVqbJkFaBm5vbbowy1mymoPNLRa52+oadOhJ+K49wsSeSjTA==

sprintf-js@~1.0.2:
  version "1.0.3"
  resolved "https://registry.yarnpkg.com/sprintf-js/-/sprintf-js-1.0.3.tgz#04e6926f662895354f3dd015203633b857297e2c"
  integrity sha1-BOaSb2YolTVPPdAVIDYzuFcpfiw=

streamsearch@^1.1.0:
  version "1.1.0"
  resolved "https://registry.yarnpkg.com/streamsearch/-/streamsearch-1.1.0.tgz#404dd1e2247ca94af554e841a8ef0eaa238da764"
  integrity sha512-Mcc5wHehp9aXz1ax6bZUyY5afg9u2rv5cqQI3mRrYkGC8rW2hM02jWuwjtL++LS5qinSyhj2QfLyNsuc+VsExg==

stringify-entities@^3.0.1:
  version "3.0.1"
  resolved "https://registry.yarnpkg.com/stringify-entities/-/stringify-entities-3.0.1.tgz#32154b91286ab0869ab2c07696223bd23b6dbfc0"
  integrity sha512-Lsk3ISA2++eJYqBMPKcr/8eby1I6L0gP0NlxF8Zja6c05yr/yCYyb2c9PwXjd08Ib3If1vn1rbs1H5ZtVuOfvQ==
  dependencies:
    character-entities-html4 "^1.0.0"
    character-entities-legacy "^1.0.0"
    is-alphanumerical "^1.0.0"
    is-decimal "^1.0.2"
    is-hexadecimal "^1.0.0"

strip-bom-string@^1.0.0:
  version "1.0.0"
  resolved "https://registry.yarnpkg.com/strip-bom-string/-/strip-bom-string-1.0.0.tgz#e5211e9224369fbb81d633a2f00044dc8cedad92"
  integrity sha1-5SEekiQ2n7uB1jOi8ABE3IztrZI=

styled-jsx@5.1.1:
  version "5.1.1"
  resolved "https://registry.yarnpkg.com/styled-jsx/-/styled-jsx-5.1.1.tgz#839a1c3aaacc4e735fed0781b8619ea5d0009d1f"
  integrity sha512-pW7uC1l4mBZ8ugbiZrcIsiIvVx1UmTfw7UkC3Um2tmfUq9Bhk8IiyEIPl6F8agHgjzku6j0xQEZbfA5uSgSaCw==
  dependencies:
    client-only "0.0.1"

trough@^2.0.0:
  version "2.2.0"
  resolved "https://registry.yarnpkg.com/trough/-/trough-2.2.0.tgz#94a60bd6bd375c152c1df911a4b11d5b0256f50f"
  integrity sha512-tmMpK00BjZiUyVyvrBK7knerNgmgvcV/KLVyuma/SC+TQN167GrMRciANTz09+k3zW8L8t60jWO1GpfkZdjTaw==

tslib@^2.4.0:
  version "2.7.0"
  resolved "https://registry.yarnpkg.com/tslib/-/tslib-2.7.0.tgz#d9b40c5c40ab59e8738f297df3087bf1a2690c01"
  integrity sha512-gLXCKdN1/j47AiHiOkJN69hJmcbGTHI0ImLmbYLHykhgeN0jVGola9yVjFgzCUklsZQMW55o+dW7IXv3RCXDzA==

unified@^11.0.0:
  version "11.0.5"
  resolved "https://registry.yarnpkg.com/unified/-/unified-11.0.5.tgz#f66677610a5c0a9ee90cab2b8d4d66037026d9e1"
  integrity sha512-xKvGhPWw3k84Qjh8bI3ZeJjqnyadK+GEFtazSfZv/rKeTkTjOJho6mFqh2SM96iIcZokxiOpg78GazTSg8+KHA==
  dependencies:
    "@types/unist" "^3.0.0"
    bail "^2.0.0"
    devlop "^1.0.0"
    extend "^3.0.0"
    is-plain-obj "^4.0.0"
    trough "^2.0.0"
    vfile "^6.0.0"

unist-builder@^2.0.0:
  version "2.0.3"
  resolved "https://registry.yarnpkg.com/unist-builder/-/unist-builder-2.0.3.tgz#77648711b5d86af0942f334397a33c5e91516436"
  integrity sha512-f98yt5pnlMWlzP539tPc4grGMsFaQQlP/vM396b00jngsiINumNmsY8rkXjfoi1c6QaM8nQ3vaGDuoKWbe/1Uw==

unist-util-generated@^1.0.0:
  version "1.1.5"
  resolved "https://registry.yarnpkg.com/unist-util-generated/-/unist-util-generated-1.1.5.tgz#1e903e68467931ebfaea386dae9ea253628acd42"
  integrity sha512-1TC+NxQa4N9pNdayCYA1EGUOCAO0Le3fVp7Jzns6lnua/mYgwHo0tz5WUAfrdpNch1RZLHc61VZ1SDgrtNXLSw==

unist-util-is@^4.0.0:
  version "4.0.2"
  resolved "https://registry.yarnpkg.com/unist-util-is/-/unist-util-is-4.0.2.tgz#c7d1341188aa9ce5b3cff538958de9895f14a5de"
  integrity sha512-Ofx8uf6haexJwI1gxWMGg6I/dLnF2yE+KibhD3/diOqY2TinLcqHXCV6OI5gFVn3xQqDH+u0M625pfKwIwgBKQ==

unist-util-is@^6.0.0:
  version "6.0.0"
  resolved "https://registry.yarnpkg.com/unist-util-is/-/unist-util-is-6.0.0.tgz#b775956486aff107a9ded971d996c173374be424"
  integrity sha512-2qCTHimwdxLfz+YzdGfkqNlH0tLi9xjTnHddPmJwtIG9MGsdbutfTc4P+haPD7l7Cjxf/WZj+we5qfVPvvxfYw==
  dependencies:
    "@types/unist" "^3.0.0"

unist-util-position@^3.0.0:
  version "3.1.0"
  resolved "https://registry.yarnpkg.com/unist-util-position/-/unist-util-position-3.1.0.tgz#1c42ee6301f8d52f47d14f62bbdb796571fa2d47"
  integrity sha512-w+PkwCbYSFw8vpgWD0v7zRCl1FpY3fjDSQ3/N/wNd9Ffa4gPi8+4keqt99N3XW6F99t/mUzp2xAhNmfKWp95QA==

unist-util-stringify-position@^4.0.0:
  version "4.0.0"
  resolved "https://registry.yarnpkg.com/unist-util-stringify-position/-/unist-util-stringify-position-4.0.0.tgz#449c6e21a880e0855bf5aabadeb3a740314abac2"
  integrity sha512-0ASV06AAoKCDkS2+xw5RXJywruurpbC4JZSm7nr7MOt1ojAzvyyaO+UxZf18j8FCF6kmzCZKcAgN/yu2gm2XgQ==
  dependencies:
    "@types/unist" "^3.0.0"

unist-util-visit-parents@^3.0.0:
  version "3.0.2"
  resolved "https://registry.yarnpkg.com/unist-util-visit-parents/-/unist-util-visit-parents-3.0.2.tgz#d4076af3011739c71d2ce99d05de37d545f4351d"
  integrity sha512-yJEfuZtzFpQmg1OSCyS9M5NJRrln/9FbYosH3iW0MG402QbdbaB8ZESwUv9RO6nRfLAKvWcMxCwdLWOov36x/g==
  dependencies:
    "@types/unist" "^2.0.0"
    unist-util-is "^4.0.0"

unist-util-visit-parents@^6.0.0:
  version "6.0.1"
  resolved "https://registry.yarnpkg.com/unist-util-visit-parents/-/unist-util-visit-parents-6.0.1.tgz#4d5f85755c3b8f0dc69e21eca5d6d82d22162815"
  integrity sha512-L/PqWzfTP9lzzEa6CKs0k2nARxTdZduw3zyh8d2NVBnsyvHjSX4TWse388YrrQKbvI8w20fGjGlhgT96WwKykw==
  dependencies:
    "@types/unist" "^3.0.0"
    unist-util-is "^6.0.0"

unist-util-visit@^2.0.0:
  version "2.0.2"
  resolved "https://registry.yarnpkg.com/unist-util-visit/-/unist-util-visit-2.0.2.tgz#3843782a517de3d2357b4c193b24af2d9366afb7"
  integrity sha512-HoHNhGnKj6y+Sq+7ASo2zpVdfdRifhTgX2KTU3B/sO/TTlZchp7E3S4vjRzDJ7L60KmrCPsQkVK3lEF3cz36XQ==
  dependencies:
    "@types/unist" "^2.0.0"
    unist-util-is "^4.0.0"
    unist-util-visit-parents "^3.0.0"

unist-util-visit@^5.0.0:
  version "5.0.0"
  resolved "https://registry.yarnpkg.com/unist-util-visit/-/unist-util-visit-5.0.0.tgz#a7de1f31f72ffd3519ea71814cccf5fd6a9217d6"
  integrity sha512-MR04uvD+07cwl/yhVuVWAtw+3GOR/knlL55Nd/wAdblk27GCVt3lqpTivy/tkJcZoNPzTwS1Y+KMojlLDhoTzg==
  dependencies:
    "@types/unist" "^3.0.0"
    unist-util-is "^6.0.0"
    unist-util-visit-parents "^6.0.0"

vfile-message@^4.0.0:
  version "4.0.2"
  resolved "https://registry.yarnpkg.com/vfile-message/-/vfile-message-4.0.2.tgz#c883c9f677c72c166362fd635f21fc165a7d1181"
  integrity sha512-jRDZ1IMLttGj41KcZvlrYAaI3CfqpLpfpf+Mfig13viT6NKvRzWZ+lXz0Y5D60w6uJIBAOGq9mSHf0gktF0duw==
  dependencies:
    "@types/unist" "^3.0.0"
    unist-util-stringify-position "^4.0.0"

vfile@^6.0.0:
  version "6.0.3"
  resolved "https://registry.yarnpkg.com/vfile/-/vfile-6.0.3.tgz#3652ab1c496531852bf55a6bac57af981ebc38ab"
  integrity sha512-KzIbH/9tXat2u30jf+smMwFCsno4wHVdNmzFyL+T/L3UGqqk6JKfVqOFOZEpZSHADH1k40ab6NUIXZq422ov3Q==
  dependencies:
    "@types/unist" "^3.0.0"
    vfile-message "^4.0.0"

xtend@^4.0.0:
  version "4.0.2"
  resolved "https://registry.yarnpkg.com/xtend/-/xtend-4.0.2.tgz#bb72779f5fa465186b1f438f674fa347fdb5db54"
  integrity sha512-LKYU1iAXJXUgAXn9URjiu+MWhyUXHsvfp7mcuYm9dSUKK0/CjtrUwFAxD82/mCWbtLsGjFIad0wIsod4zrTAEQ==

zwitch@^2.0.0:
  version "2.0.4"
  resolved "https://registry.yarnpkg.com/zwitch/-/zwitch-2.0.4.tgz#c827d4b0acb76fc3e685a4c6ec2902d51070e9d7"
  integrity sha512-bXE4cR/kVZhKZX/RjPEflHaKVhUVl85noU3v6b8apfQEc1x4A+zBxjZ4lN8LqGd6WZ3dl98pY4o717VFmoPp+A==
